
Microsoft Visual Studio Solution File, Format Version 12.00
# Visual Studio 14
VisualStudioVersion = 14.0.25420.1
MinimumVisualStudioVersion = 10.0.40219.1
Project("{F184B08F-C81C-45F6-A57F-5ABD9991F28F}") = "SampleVB", "SampleVB\SampleVB.vbproj", "{A6AAE4D7-E2A4-42BC-971D-AB5306E15723}"
	ProjectSection(ProjectDependencies) = postProject
		{C9B49EB1-E2A6-4534-B2CD-7379B2525182} = {C9B49EB1-E2A6-4534-B2CD-7379B2525182}
	EndProjectSection
EndProject
Project("{FAE04EC0-301F-11D3-BF4B-00C04F79EFBC}") = "SampleCSharp", "SampleCSharp\SampleCSharp.csproj", "{666C2EF2-6772-499B-80F2-8B00A5FEA4BB}"
EndProject
Project("{F184B08F-C81C-45F6-A57F-5ABD9991F28F}") = "TestLibOptimization", "TestLibOptimization\TestLibOptimization.vbproj", "{A247B94F-0E04-437F-8D84-A30F530A4D66}"
EndProject
Project("{F184B08F-C81C-45F6-A57F-5ABD9991F28F}") = "TestCode", "TestCode\TestCode.vbproj", "{EC308F05-CA3C-4333-908A-19D527FCC88A}"
EndProject
Project("{F184B08F-C81C-45F6-A57F-5ABD9991F28F}") = "LibOptimization", "LibOptimization\LibOptimization.vbproj", "{C9B49EB1-E2A6-4534-B2CD-7379B2525182}"
EndProject
Global
	GlobalSection(SolutionConfigurationPlatforms) = preSolution
		Debug|Any CPU = Debug|Any CPU
		Debug|x64 = Debug|x64
		Debug|x86 = Debug|x86
		Release|Any CPU = Release|Any CPU
		Release|x64 = Release|x64
		Release|x86 = Release|x86
	EndGlobalSection
	GlobalSection(ProjectConfigurationPlatforms) = postSolution
		{A6AAE4D7-E2A4-42BC-971D-AB5306E15723}.Debug|Any CPU.ActiveCfg = Debug|x86
		{A6AAE4D7-E2A4-42BC-971D-AB5306E15723}.Debug|Any CPU.Build.0 = Debug|x86
		{A6AAE4D7-E2A4-42BC-971D-AB5306E15723}.Debug|x64.ActiveCfg = Debug|x86
		{A6AAE4D7-E2A4-42BC-971D-AB5306E15723}.Debug|x64.Build.0 = Debug|x86
		{A6AAE4D7-E2A4-42BC-971D-AB5306E15723}.Debug|x86.ActiveCfg = Debug|x86
		{A6AAE4D7-E2A4-42BC-971D-AB5306E15723}.Debug|x86.Build.0 = Debug|x86
		{A6AAE4D7-E2A4-42BC-971D-AB5306E15723}.Release|Any CPU.ActiveCfg = Release|x86
		{A6AAE4D7-E2A4-42BC-971D-AB5306E15723}.Release|Any CPU.Build.0 = Release|x86
		{A6AAE4D7-E2A4-42BC-971D-AB5306E15723}.Release|x64.ActiveCfg = Release|x86
		{A6AAE4D7-E2A4-42BC-971D-AB5306E15723}.Release|x64.Build.0 = Release|x86
		{A6AAE4D7-E2A4-42BC-971D-AB5306E15723}.Release|x86.ActiveCfg = Release|x86
		{A6AAE4D7-E2A4-42BC-971D-AB5306E15723}.Release|x86.Build.0 = Release|x86
		{666C2EF2-6772-499B-80F2-8B00A5FEA4BB}.Debug|Any CPU.ActiveCfg = Debug|x86
		{666C2EF2-6772-499B-80F2-8B00A5FEA4BB}.Debug|Any CPU.Build.0 = Debug|x86
		{666C2EF2-6772-499B-80F2-8B00A5FEA4BB}.Debug|x64.ActiveCfg = Debug|x86
		{666C2EF2-6772-499B-80F2-8B00A5FEA4BB}.Debug|x64.Build.0 = Debug|x86
		{666C2EF2-6772-499B-80F2-8B00A5FEA4BB}.Debug|x86.ActiveCfg = Debug|x86
		{666C2EF2-6772-499B-80F2-8B00A5FEA4BB}.Debug|x86.Build.0 = Debug|x86
		{666C2EF2-6772-499B-80F2-8B00A5FEA4BB}.Release|Any CPU.ActiveCfg = Release|x86
		{666C2EF2-6772-499B-80F2-8B00A5FEA4BB}.Release|Any CPU.Build.0 = Release|x86
		{666C2EF2-6772-499B-80F2-8B00A5FEA4BB}.Release|x64.ActiveCfg = Release|x86
		{666C2EF2-6772-499B-80F2-8B00A5FEA4BB}.Release|x64.Build.0 = Release|x86
		{666C2EF2-6772-499B-80F2-8B00A5FEA4BB}.Release|x86.ActiveCfg = Release|x86
		{666C2EF2-6772-499B-80F2-8B00A5FEA4BB}.Release|x86.Build.0 = Release|x86
		{A247B94F-0E04-437F-8D84-A30F530A4D66}.Debug|Any CPU.ActiveCfg = Debug|x86
		{A247B94F-0E04-437F-8D84-A30F530A4D66}.Debug|Any CPU.Build.0 = Debug|x86
		{A247B94F-0E04-437F-8D84-A30F530A4D66}.Debug|x64.ActiveCfg = Debug|x86
		{A247B94F-0E04-437F-8D84-A30F530A4D66}.Debug|x64.Build.0 = Debug|x86
		{A247B94F-0E04-437F-8D84-A30F530A4D66}.Debug|x86.ActiveCfg = Debug|x86
		{A247B94F-0E04-437F-8D84-A30F530A4D66}.Debug|x86.Build.0 = Debug|x86
		{A247B94F-0E04-437F-8D84-A30F530A4D66}.Release|Any CPU.ActiveCfg = Release|x86
		{A247B94F-0E04-437F-8D84-A30F530A4D66}.Release|Any CPU.Build.0 = Release|x86
		{A247B94F-0E04-437F-8D84-A30F530A4D66}.Release|x64.ActiveCfg = Release|x86
		{A247B94F-0E04-437F-8D84-A30F530A4D66}.Release|x64.Build.0 = Release|x86
		{A247B94F-0E04-437F-8D84-A30F530A4D66}.Release|x86.ActiveCfg = Release|x86
		{A247B94F-0E04-437F-8D84-A30F530A4D66}.Release|x86.Build.0 = Release|x86
		{EC308F05-CA3C-4333-908A-19D527FCC88A}.Debug|Any CPU.ActiveCfg = Debug|Any CPU
		{EC308F05-CA3C-4333-908A-19D527FCC88A}.Debug|Any CPU.Build.0 = Debug|Any CPU
		{EC308F05-CA3C-4333-908A-19D527FCC88A}.Debug|x64.ActiveCfg = Debug|Any CPU
		{EC308F05-CA3C-4333-908A-19D527FCC88A}.Debug|x64.Build.0 = Debug|Any CPU
		{EC308F05-CA3C-4333-908A-19D527FCC88A}.Debug|x86.ActiveCfg = Debug|Any CPU
		{EC308F05-CA3C-4333-908A-19D527FCC88A}.Debug|x86.Build.0 = Debug|Any CPU
		{EC308F05-CA3C-4333-908A-19D527FCC88A}.Release|Any CPU.ActiveCfg = Release|Any CPU
		{EC308F05-CA3C-4333-908A-19D527FCC88A}.Release|Any CPU.Build.0 = Release|Any CPU
		{EC308F05-CA3C-4333-908A-19D527FCC88A}.Release|x64.ActiveCfg = Release|Any CPU
		{EC308F05-CA3C-4333-908A-19D527FCC88A}.Release|x64.Build.0 = Release|Any CPU
		{EC308F05-CA3C-4333-908A-19D527FCC88A}.Release|x86.ActiveCfg = Release|Any CPU
		{EC308F05-CA3C-4333-908A-19D527FCC88A}.Release|x86.Build.0 = Release|Any CPU
		{C9B49EB1-E2A6-4534-B2CD-7379B2525182}.Debug|Any CPU.ActiveCfg = Debug|Any CPU
		{C9B49EB1-E2A6-4534-B2CD-7379B2525182}.Debug|Any CPU.Build.0 = Debug|Any CPU
		{C9B49EB1-E2A6-4534-B2CD-7379B2525182}.Debug|x64.ActiveCfg = Debug|Any CPU
		{C9B49EB1-E2A6-4534-B2CD-7379B2525182}.Debug|x64.Build.0 = Debug|Any CPU
		{C9B49EB1-E2A6-4534-B2CD-7379B2525182}.Debug|x86.ActiveCfg = Debug|Any CPU
		{C9B49EB1-E2A6-4534-B2CD-7379B2525182}.Debug|x86.Build.0 = Debug|Any CPU
		{C9B49EB1-E2A6-4534-B2CD-7379B2525182}.Release|Any CPU.ActiveCfg = Release|Any CPU
		{C9B49EB1-E2A6-4534-B2CD-7379B2525182}.Release|Any CPU.Build.0 = Release|Any CPU
		{C9B49EB1-E2A6-4534-B2CD-7379B2525182}.Release|x64.ActiveCfg = Release|Any CPU
		{C9B49EB1-E2A6-4534-B2CD-7379B2525182}.Release|x64.Build.0 = Release|Any CPU
		{C9B49EB1-E2A6-4534-B2CD-7379B2525182}.Release|x86.ActiveCfg = Release|Any CPU
		{C9B49EB1-E2A6-4534-B2CD-7379B2525182}.Release|x86.Build.0 = Release|Any CPU
	EndGlobalSection
	GlobalSection(SolutionProperties) = preSolution
		HideSolutionNode = FALSE
	EndGlobalSection
EndGlobal
